
Microsoft Visual Studio Solution File, Format Version 12.00
# Visual Studio Version 17
VisualStudioVersion = 17.3.32922.545
MinimumVisualStudioVersion = 10.0.40219.1
Project("{9A19103F-16F7-4668-BE54-9A1E7A4F7556}") = "BookingWebProject", "BookingWebProject\BookingWebProject.csproj", "{FC67C2A3-5EE7-4166-AF70-F9108176948B}"
EndProject
Project("{9A19103F-16F7-4668-BE54-9A1E7A4F7556}") = "BookingWebProject.Common", "BookingWebProject.Common\BookingWebProject.Common.csproj", "{DB56866B-DA3F-4E75-A06C-7FA802E51FA2}"
EndProject
Project("{9A19103F-16F7-4668-BE54-9A1E7A4F7556}") = "BookingWebProject.Infrastructure", "BookingWebProject.Infrastructure\BookingWebProject.Infrastructure.csproj", "{8464A4D0-FB6D-4CB5-9262-26A514B0C903}"
EndProject
Project("{9A19103F-16F7-4668-BE54-9A1E7A4F7556}") = "BookingWebProject.Core", "BookingWebProject.Core\BookingWebProject.Core.csproj", "{5A56DA0C-F96D-4C97-B422-1197BDAD235D}"
EndProject
Global
	GlobalSection(SolutionConfigurationPlatforms) = preSolution
		Debug|Any CPU = Debug|Any CPU
		Release|Any CPU = Release|Any CPU
	EndGlobalSection
	GlobalSection(ProjectConfigurationPlatforms) = postSolution
		{FC67C2A3-5EE7-4166-AF70-F9108176948B}.Debug|Any CPU.ActiveCfg = Debug|Any CPU
		{FC67C2A3-5EE7-4166-AF70-F9108176948B}.Debug|Any CPU.Build.0 = Debug|Any CPU
		{FC67C2A3-5EE7-4166-AF70-F9108176948B}.Release|Any CPU.ActiveCfg = Release|Any CPU
		{FC67C2A3-5EE7-4166-AF70-F9108176948B}.Release|Any CPU.Build.0 = Release|Any CPU
		{DB56866B-DA3F-4E75-A06C-7FA802E51FA2}.Debug|Any CPU.ActiveCfg = Debug|Any CPU
		{DB56866B-DA3F-4E75-A06C-7FA802E51FA2}.Debug|Any CPU.Build.0 = Debug|Any CPU
		{DB56866B-DA3F-4E75-A06C-7FA802E51FA2}.Release|Any CPU.ActiveCfg = Release|Any CPU
		{DB56866B-DA3F-4E75-A06C-7FA802E51FA2}.Release|Any CPU.Build.0 = Release|Any CPU
		{8464A4D0-FB6D-4CB5-9262-26A514B0C903}.Debug|Any CPU.ActiveCfg = Debug|Any CPU
		{8464A4D0-FB6D-4CB5-9262-26A514B0C903}.Debug|Any CPU.Build.0 = Debug|Any CPU
		{8464A4D0-FB6D-4CB5-9262-26A514B0C903}.Release|Any CPU.ActiveCfg = Release|Any CPU
		{8464A4D0-FB6D-4CB5-9262-26A514B0C903}.Release|Any CPU.Build.0 = Release|Any CPU
		{5A56DA0C-F96D-4C97-B422-1197BDAD235D}.Debug|Any CPU.ActiveCfg = Debug|Any CPU
		{5A56DA0C-F96D-4C97-B422-1197BDAD235D}.Debug|Any CPU.Build.0 = Debug|Any CPU
		{5A56DA0C-F96D-4C97-B422-1197BDAD235D}.Release|Any CPU.ActiveCfg = Release|Any CPU
		{5A56DA0C-F96D-4C97-B422-1197BDAD235D}.Release|Any CPU.Build.0 = Release|Any CPU
	EndGlobalSection
	GlobalSection(SolutionProperties) = preSolution
		HideSolutionNode = FALSE
	EndGlobalSection
	GlobalSection(ExtensibilityGlobals) = postSolution
		SolutionGuid = {7E1E2770-E02D-42DA-BBCE-2E6AE77E1DA3}
	EndGlobalSection
EndGlobal
