
Microsoft Visual Studio Solution File, Format Version 12.00
# Visual Studio Version 17
VisualStudioVersion = 17.3.32922.545
MinimumVisualStudioVersion = 10.0.40219.1
Project("{FAE04EC0-301F-11D3-BF4B-00C04F79EFBC}") = "BookingWebProject", "BookingWebProject\BookingWebProject.csproj", "{FC67C2A3-5EE7-4166-AF70-F9108176948B}"
EndProject
Global
	GlobalSection(SolutionConfigurationPlatforms) = preSolution
		Debug|Any CPU = Debug|Any CPU
		Release|Any CPU = Release|Any CPU
	EndGlobalSection
	GlobalSection(ProjectConfigurationPlatforms) = postSolution
		{FC67C2A3-5EE7-4166-AF70-F9108176948B}.Debug|Any CPU.ActiveCfg = Debug|Any CPU
		{FC67C2A3-5EE7-4166-AF70-F9108176948B}.Debug|Any CPU.Build.0 = Debug|Any CPU
		{FC67C2A3-5EE7-4166-AF70-F9108176948B}.Release|Any CPU.ActiveCfg = Release|Any CPU
		{FC67C2A3-5EE7-4166-AF70-F9108176948B}.Release|Any CPU.Build.0 = Release|Any CPU
	EndGlobalSection
	GlobalSection(SolutionProperties) = preSolution
		HideSolutionNode = FALSE
	EndGlobalSection
	GlobalSection(ExtensibilityGlobals) = postSolution
		SolutionGuid = {7E1E2770-E02D-42DA-BBCE-2E6AE77E1DA3}
	EndGlobalSection
EndGlobal
